{
  "name": "@sotaoi/sotaoi",
  "lockfileVersion": 2,
  "requires": true,
  "packages": {
    "": {
      "name": "@sotaoi/sotaoi",
      "hasInstallScript": true,
      "dependencies": {
        "@types/node": "^14",
        "command-exists": "^1.2.9"
      }
    },
    "node_modules/@types/node": {
      "version": "14.17.20",
      "resolved": "https://registry.npmjs.org/@types/node/-/node-14.17.20.tgz",
      "integrity": "sha512-gI5Sl30tmhXsqkNvopFydP7ASc4c2cLfGNQrVKN3X90ADFWFsPEsotm/8JHSUJQKTHbwowAHtcJPeyVhtKv0TQ=="
    },
    "node_modules/command-exists": {
      "version": "1.2.9",
      "resolved": "https://registry.npmjs.org/command-exists/-/command-exists-1.2.9.tgz",
      "integrity": "sha512-LTQ/SGc+s0Xc0Fu5WaKnR0YiygZkm9eKFvyS+fRsU7/ZWFF8ykFM6Pc9aCVf1+xasOOZpO3BAVgVrKvsqKHV7w=="
    }
  },
  "dependencies": {
    "@types/node": {
      "version": "14.17.20",
      "resolved": "https://registry.npmjs.org/@types/node/-/node-14.17.20.tgz",
      "integrity": "sha512-gI5Sl30tmhXsqkNvopFydP7ASc4c2cLfGNQrVKN3X90ADFWFsPEsotm/8JHSUJQKTHbwowAHtcJPeyVhtKv0TQ=="
    },
    "command-exists": {
      "version": "1.2.9",
      "resolved": "https://registry.npmjs.org/command-exists/-/command-exists-1.2.9.tgz",
      "integrity": "sha512-LTQ/SGc+s0Xc0Fu5WaKnR0YiygZkm9eKFvyS+fRsU7/ZWFF8ykFM6Pc9aCVf1+xasOOZpO3BAVgVrKvsqKHV7w=="
    }
  }
}
